
Microsoft Visual Studio Solution File, Format Version 12.00
# Visual Studio Version 16
VisualStudioVersion = 16.0.30011.22
MinimumVisualStudioVersion = 10.0.40219.1
Project("{2150E333-8FDC-42A3-9474-1A3956D46DE8}") = "Solution Items", "Solution Items", "{CD4EC93C-FF14-4F99-9AAE-A0630BC682EE}"
	ProjectSection(SolutionItems) = preProject
		.editorconfig = .editorconfig
	EndProjectSection
EndProject
Project("{FAE04EC0-301F-11D3-BF4B-00C04F79EFBC}") = "RESTERVICES", "..\RSERVICES\RESTERVICES.csproj", "{8FFE0103-D126-4BFB-9BBC-7DBB96FCAF79}"
EndProject
Project("{FAE04EC0-301F-11D3-BF4B-00C04F79EFBC}") = "RESTSERVICESWINDOWS", "RESTSERVICESWINDOWS\RESTSERVICESWINDOWS.csproj", "{DD416A9E-1834-492B-9486-85EB55BA54DB}"
EndProject
Global
	GlobalSection(SolutionConfigurationPlatforms) = preSolution
		Debug|Any CPU = Debug|Any CPU
		Release|Any CPU = Release|Any CPU
	EndGlobalSection
	GlobalSection(ProjectConfigurationPlatforms) = postSolution
		{8FFE0103-D126-4BFB-9BBC-7DBB96FCAF79}.Debug|Any CPU.ActiveCfg = Debug|Any CPU
		{8FFE0103-D126-4BFB-9BBC-7DBB96FCAF79}.Debug|Any CPU.Build.0 = Debug|Any CPU
		{8FFE0103-D126-4BFB-9BBC-7DBB96FCAF79}.Release|Any CPU.ActiveCfg = Release|Any CPU
		{8FFE0103-D126-4BFB-9BBC-7DBB96FCAF79}.Release|Any CPU.Build.0 = Release|Any CPU
		{DD416A9E-1834-492B-9486-85EB55BA54DB}.Debug|Any CPU.ActiveCfg = Debug|Any CPU
		{DD416A9E-1834-492B-9486-85EB55BA54DB}.Debug|Any CPU.Build.0 = Debug|Any CPU
		{DD416A9E-1834-492B-9486-85EB55BA54DB}.Release|Any CPU.ActiveCfg = Release|Any CPU
		{DD416A9E-1834-492B-9486-85EB55BA54DB}.Release|Any CPU.Build.0 = Release|Any CPU
	EndGlobalSection
	GlobalSection(SolutionProperties) = preSolution
		HideSolutionNode = FALSE
	EndGlobalSection
	GlobalSection(ExtensibilityGlobals) = postSolution
		SolutionGuid = {D0C5DACA-0928-4CAF-AFCA-7E50F7D0B9F0}
	EndGlobalSection
EndGlobal
